
Microsoft Visual Studio Solution File, Format Version 12.00
# Visual Studio Version 16
VisualStudioVersion = 25.0.1703.4
MinimumVisualStudioVersion = 10.0.40219.1
Project("{FAE04EC0-301F-11D3-BF4B-00C04F79EFBC}") = "DaisyStudy.WebApp", "DaisyStudy.WebApp\DaisyStudy.WebApp.csproj", "{BA685BC7-7E76-41C2-BD68-3FC9782AE04A}"
EndProject
Project("{2150E333-8FDC-42A3-9474-1A3956D46DE8}") = "Solution Items", "Solution Items", "{467636C9-75B2-4E12-BACD-F2905D1DE7FB}"
EndProject
Project("{FAE04EC0-301F-11D3-BF4B-00C04F79EFBC}") = "DaisyStudy.Data", "DaisyStudy.Data\DaisyStudy.Data.csproj", "{3D2CC185-78B7-4759-8B8B-58A472E0D960}"
EndProject
Project("{FAE04EC0-301F-11D3-BF4B-00C04F79EFBC}") = "DaisyStudy.Application", "DaisyStudy.Application\DaisyStudy.Application.csproj", "{F34DD85A-35AA-441A-A0E9-7C00D8403B13}"
EndProject
Project("{FAE04EC0-301F-11D3-BF4B-00C04F79EFBC}") = "DaisyStudy.BackendApi", "DaisyStudy.BackendApi\DaisyStudy.BackendApi.csproj", "{A716B54B-95D7-4F3B-BE59-BD6F7A52F429}"
EndProject
Project("{FAE04EC0-301F-11D3-BF4B-00C04F79EFBC}") = "DaisyStudy.Utilities", "DaisyStudy.Utilities\DaisyStudy.Utilities.csproj", "{B860A2B3-4D43-4AC6-A7C6-BC01EE3CA789}"
EndProject
Project("{FAE04EC0-301F-11D3-BF4B-00C04F79EFBC}") = "DaisyStudy.ViewModels", "DaisyStudy.ViewModels\DaisyStudy.ViewModels.csproj", "{FD562C62-3039-4732-BCB8-65152CBF7D66}"
EndProject
Global
	GlobalSection(SolutionConfigurationPlatforms) = preSolution
		Debug|Any CPU = Debug|Any CPU
		Release|Any CPU = Release|Any CPU
	EndGlobalSection
	GlobalSection(ProjectConfigurationPlatforms) = postSolution
		{BA685BC7-7E76-41C2-BD68-3FC9782AE04A}.Debug|Any CPU.ActiveCfg = Debug|Any CPU
		{BA685BC7-7E76-41C2-BD68-3FC9782AE04A}.Debug|Any CPU.Build.0 = Debug|Any CPU
		{BA685BC7-7E76-41C2-BD68-3FC9782AE04A}.Release|Any CPU.ActiveCfg = Release|Any CPU
		{BA685BC7-7E76-41C2-BD68-3FC9782AE04A}.Release|Any CPU.Build.0 = Release|Any CPU
		{3D2CC185-78B7-4759-8B8B-58A472E0D960}.Debug|Any CPU.ActiveCfg = Debug|Any CPU
		{3D2CC185-78B7-4759-8B8B-58A472E0D960}.Debug|Any CPU.Build.0 = Debug|Any CPU
		{3D2CC185-78B7-4759-8B8B-58A472E0D960}.Release|Any CPU.ActiveCfg = Release|Any CPU
		{3D2CC185-78B7-4759-8B8B-58A472E0D960}.Release|Any CPU.Build.0 = Release|Any CPU
		{F34DD85A-35AA-441A-A0E9-7C00D8403B13}.Debug|Any CPU.ActiveCfg = Debug|Any CPU
		{F34DD85A-35AA-441A-A0E9-7C00D8403B13}.Debug|Any CPU.Build.0 = Debug|Any CPU
		{F34DD85A-35AA-441A-A0E9-7C00D8403B13}.Release|Any CPU.ActiveCfg = Release|Any CPU
		{F34DD85A-35AA-441A-A0E9-7C00D8403B13}.Release|Any CPU.Build.0 = Release|Any CPU
		{A716B54B-95D7-4F3B-BE59-BD6F7A52F429}.Debug|Any CPU.ActiveCfg = Debug|Any CPU
		{A716B54B-95D7-4F3B-BE59-BD6F7A52F429}.Debug|Any CPU.Build.0 = Debug|Any CPU
		{A716B54B-95D7-4F3B-BE59-BD6F7A52F429}.Release|Any CPU.ActiveCfg = Release|Any CPU
		{A716B54B-95D7-4F3B-BE59-BD6F7A52F429}.Release|Any CPU.Build.0 = Release|Any CPU
		{B860A2B3-4D43-4AC6-A7C6-BC01EE3CA789}.Debug|Any CPU.ActiveCfg = Debug|Any CPU
		{B860A2B3-4D43-4AC6-A7C6-BC01EE3CA789}.Debug|Any CPU.Build.0 = Debug|Any CPU
		{B860A2B3-4D43-4AC6-A7C6-BC01EE3CA789}.Release|Any CPU.ActiveCfg = Release|Any CPU
		{B860A2B3-4D43-4AC6-A7C6-BC01EE3CA789}.Release|Any CPU.Build.0 = Release|Any CPU
		{FD562C62-3039-4732-BCB8-65152CBF7D66}.Debug|Any CPU.ActiveCfg = Debug|Any CPU
		{FD562C62-3039-4732-BCB8-65152CBF7D66}.Debug|Any CPU.Build.0 = Debug|Any CPU
		{FD562C62-3039-4732-BCB8-65152CBF7D66}.Release|Any CPU.ActiveCfg = Release|Any CPU
		{FD562C62-3039-4732-BCB8-65152CBF7D66}.Release|Any CPU.Build.0 = Release|Any CPU
	EndGlobalSection
	GlobalSection(SolutionProperties) = preSolution
		HideSolutionNode = FALSE
	EndGlobalSection
	GlobalSection(ExtensibilityGlobals) = postSolution
		SolutionGuid = {DBD4F67A-B81F-4A4F-A43E-FC0D007F7C22}
	EndGlobalSection
EndGlobal
